
Microsoft Visual Studio Solution File, Format Version 12.00
# Visual Studio Version 17
VisualStudioVersion = 17.8.34330.188
MinimumVisualStudioVersion = 10.0.40219.1
Project("{FAE04EC0-301F-11D3-BF4B-00C04F79EFBC}") = "testTreciZadatak", "testTreciZadatak\testTreciZadatak.csproj", "{C53E4DBC-5B95-4FBF-8DA9-83E2DF7D707E}"
EndProject
Global
	GlobalSection(SolutionConfigurationPlatforms) = preSolution
		Debug|Any CPU = Debug|Any CPU
		Release|Any CPU = Release|Any CPU
	EndGlobalSection
	GlobalSection(ProjectConfigurationPlatforms) = postSolution
		{C53E4DBC-5B95-4FBF-8DA9-83E2DF7D707E}.Debug|Any CPU.ActiveCfg = Debug|Any CPU
		{C53E4DBC-5B95-4FBF-8DA9-83E2DF7D707E}.Debug|Any CPU.Build.0 = Debug|Any CPU
		{C53E4DBC-5B95-4FBF-8DA9-83E2DF7D707E}.Release|Any CPU.ActiveCfg = Release|Any CPU
		{C53E4DBC-5B95-4FBF-8DA9-83E2DF7D707E}.Release|Any CPU.Build.0 = Release|Any CPU
	EndGlobalSection
	GlobalSection(SolutionProperties) = preSolution
		HideSolutionNode = FALSE
	EndGlobalSection
	GlobalSection(ExtensibilityGlobals) = postSolution
		SolutionGuid = {E1CD01E7-3DB9-44A1-AA19-F3152558F87E}
	EndGlobalSection
EndGlobal
